
Microsoft Visual Studio Solution File, Format Version 12.00
# Visual Studio 15
VisualStudioVersion = 15.0.28307.168
MinimumVisualStudioVersion = 10.0.40219.1
Project("{FAE04EC0-301F-11D3-BF4B-00C04F79EFBC}") = "WindowsFormsApp3", "WindowsFormsApp3.csproj", "{63EB8978-D1B6-4E11-90A7-1D385B088097}"
EndProject
Global
	GlobalSection(SolutionConfigurationPlatforms) = preSolution
		Debug|Any CPU = Debug|Any CPU
		Release|Any CPU = Release|Any CPU
	EndGlobalSection
	GlobalSection(ProjectConfigurationPlatforms) = postSolution
		{63EB8978-D1B6-4E11-90A7-1D385B088097}.Debug|Any CPU.ActiveCfg = Debug|Any CPU
		{63EB8978-D1B6-4E11-90A7-1D385B088097}.Debug|Any CPU.Build.0 = Debug|Any CPU
		{63EB8978-D1B6-4E11-90A7-1D385B088097}.Release|Any CPU.ActiveCfg = Release|Any CPU
		{63EB8978-D1B6-4E11-90A7-1D385B088097}.Release|Any CPU.Build.0 = Release|Any CPU
	EndGlobalSection
	GlobalSection(SolutionProperties) = preSolution
		HideSolutionNode = FALSE
	EndGlobalSection
	GlobalSection(ExtensibilityGlobals) = postSolution
		SolutionGuid = {C28B08CB-5132-43FA-B521-C1F9BC61595D}
	EndGlobalSection
EndGlobal
